
Microsoft Visual Studio Solution File, Format Version 12.00
# Visual Studio Version 17
VisualStudioVersion = 17.0.32014.148
MinimumVisualStudioVersion = 10.0.40219.1
Project("{FAE04EC0-301F-11D3-BF4B-00C04F79EFBC}") = "ProgressManagementSystem", "ProgressManagementSystem\ProgressManagementSystem.csproj", "{DCE49C3A-8297-4792-A6F6-DBB11AFE134D}"
EndProject
Global
	GlobalSection(SolutionConfigurationPlatforms) = preSolution
		Debug|Any CPU = Debug|Any CPU
		Release|Any CPU = Release|Any CPU
	EndGlobalSection
	GlobalSection(ProjectConfigurationPlatforms) = postSolution
		{DCE49C3A-8297-4792-A6F6-DBB11AFE134D}.Debug|Any CPU.ActiveCfg = Debug|Any CPU
		{DCE49C3A-8297-4792-A6F6-DBB11AFE134D}.Debug|Any CPU.Build.0 = Debug|Any CPU
		{DCE49C3A-8297-4792-A6F6-DBB11AFE134D}.Release|Any CPU.ActiveCfg = Release|Any CPU
		{DCE49C3A-8297-4792-A6F6-DBB11AFE134D}.Release|Any CPU.Build.0 = Release|Any CPU
	EndGlobalSection
	GlobalSection(SolutionProperties) = preSolution
		HideSolutionNode = FALSE
	EndGlobalSection
	GlobalSection(ExtensibilityGlobals) = postSolution
		SolutionGuid = {D75042DA-C69F-4DB4-9B94-02C34B897137}
	EndGlobalSection
EndGlobal
